
Microsoft Visual Studio Solution File, Format Version 12.00
Project("{FAE04EC0-301F-11D3-BF4B-00C04F79EFBC}") = "Workshop", "Workshop\Workshop.csproj", "{B98FA1E8-3290-49DA-8A7D-65A2505C00E2}"
EndProject
Project("{FAE04EC0-301F-11D3-BF4B-00C04F79EFBC}") = "SpecFlowWorkshop", "SpecFlowWorkshop\SpecFlowWorkshop.csproj", "{79AF5781-D551-4F83-A208-85D6A860AF42}"
EndProject
Global
	GlobalSection(SolutionConfigurationPlatforms) = preSolution
		Debug|Any CPU = Debug|Any CPU
		Release|Any CPU = Release|Any CPU
	EndGlobalSection
	GlobalSection(ProjectConfigurationPlatforms) = postSolution
		{B98FA1E8-3290-49DA-8A7D-65A2505C00E2}.Debug|Any CPU.ActiveCfg = Debug|Any CPU
		{B98FA1E8-3290-49DA-8A7D-65A2505C00E2}.Debug|Any CPU.Build.0 = Debug|Any CPU
		{B98FA1E8-3290-49DA-8A7D-65A2505C00E2}.Release|Any CPU.ActiveCfg = Release|Any CPU
		{B98FA1E8-3290-49DA-8A7D-65A2505C00E2}.Release|Any CPU.Build.0 = Release|Any CPU
		{79AF5781-D551-4F83-A208-85D6A860AF42}.Debug|Any CPU.ActiveCfg = Debug|Any CPU
		{79AF5781-D551-4F83-A208-85D6A860AF42}.Debug|Any CPU.Build.0 = Debug|Any CPU
		{79AF5781-D551-4F83-A208-85D6A860AF42}.Release|Any CPU.ActiveCfg = Release|Any CPU
		{79AF5781-D551-4F83-A208-85D6A860AF42}.Release|Any CPU.Build.0 = Release|Any CPU
	EndGlobalSection
EndGlobal
